
Microsoft Visual Studio Solution File, Format Version 12.00
# Visual Studio Version 17
VisualStudioVersion = 17.6.33815.320
MinimumVisualStudioVersion = 10.0.40219.1
Project("{FAE04EC0-301F-11D3-BF4B-00C04F79EFBC}") = "Backend", "Backend\Backend.csproj", "{A802AF64-83D1-4F8C-A93D-8C6C0869306D}"
EndProject
Global
	GlobalSection(SolutionConfigurationPlatforms) = preSolution
		Debug|Any CPU = Debug|Any CPU
		Release|Any CPU = Release|Any CPU
	EndGlobalSection
	GlobalSection(ProjectConfigurationPlatforms) = postSolution
		{A802AF64-83D1-4F8C-A93D-8C6C0869306D}.Debug|Any CPU.ActiveCfg = Debug|Any CPU
		{A802AF64-83D1-4F8C-A93D-8C6C0869306D}.Debug|Any CPU.Build.0 = Debug|Any CPU
		{A802AF64-83D1-4F8C-A93D-8C6C0869306D}.Release|Any CPU.ActiveCfg = Release|Any CPU
		{A802AF64-83D1-4F8C-A93D-8C6C0869306D}.Release|Any CPU.Build.0 = Release|Any CPU
	EndGlobalSection
	GlobalSection(SolutionProperties) = preSolution
		HideSolutionNode = FALSE
	EndGlobalSection
	GlobalSection(ExtensibilityGlobals) = postSolution
		SolutionGuid = {C597D506-B33E-4EDA-BCD6-EC6F3D2E239F}
	EndGlobalSection
EndGlobal
